
Microsoft Visual Studio Solution File, Format Version 12.00
# Visual Studio Version 17
VisualStudioVersion = 17.0.31903.59
MinimumVisualStudioVersion = 10.0.40219.1
Project("{9A19103F-16F7-4668-BE54-9A1E7A4F7556}") = "OzelDersYerim.Business", "OzelDersYerim.Business\OzelDersYerim.Business.csproj", "{A1C53BB5-05C1-4055-AF8A-398012D8B972}"
EndProject
Project("{9A19103F-16F7-4668-BE54-9A1E7A4F7556}") = "OzelDersYerim.Entity", "OzelDersYerim.Entity\OzelDersYerim.Entity.csproj", "{7FB85914-9481-495A-BE8C-7F22CEC0BD43}"
EndProject
Project("{9A19103F-16F7-4668-BE54-9A1E7A4F7556}") = "OzelDersYerim.Web", "OzelDersYerim.Web\OzelDersYerim.Web.csproj", "{DD009D58-DC01-4986-B656-4A1DC5395679}"
EndProject
Project("{9A19103F-16F7-4668-BE54-9A1E7A4F7556}") = "OzelDersYerim.Core", "OzelDersYerim.Core\OzelDersYerim.Core.csproj", "{0ADBF964-A65D-450D-859B-3D7B13FA5824}"
EndProject
Project("{FAE04EC0-301F-11D3-BF4B-00C04F79EFBC}") = "OzelDersYerim.Data", "OzelDersYerim.Data\OzelDersYerim.Data.csproj", "{C9F4B7C0-458E-437C-92F2-F5A9E91F06E3}"
EndProject
Global
	GlobalSection(SolutionConfigurationPlatforms) = preSolution
		Debug|Any CPU = Debug|Any CPU
		Release|Any CPU = Release|Any CPU
	EndGlobalSection
	GlobalSection(ProjectConfigurationPlatforms) = postSolution
		{A1C53BB5-05C1-4055-AF8A-398012D8B972}.Debug|Any CPU.ActiveCfg = Debug|Any CPU
		{A1C53BB5-05C1-4055-AF8A-398012D8B972}.Debug|Any CPU.Build.0 = Debug|Any CPU
		{A1C53BB5-05C1-4055-AF8A-398012D8B972}.Release|Any CPU.ActiveCfg = Release|Any CPU
		{A1C53BB5-05C1-4055-AF8A-398012D8B972}.Release|Any CPU.Build.0 = Release|Any CPU
		{7FB85914-9481-495A-BE8C-7F22CEC0BD43}.Debug|Any CPU.ActiveCfg = Debug|Any CPU
		{7FB85914-9481-495A-BE8C-7F22CEC0BD43}.Debug|Any CPU.Build.0 = Debug|Any CPU
		{7FB85914-9481-495A-BE8C-7F22CEC0BD43}.Release|Any CPU.ActiveCfg = Release|Any CPU
		{7FB85914-9481-495A-BE8C-7F22CEC0BD43}.Release|Any CPU.Build.0 = Release|Any CPU
		{DD009D58-DC01-4986-B656-4A1DC5395679}.Debug|Any CPU.ActiveCfg = Debug|Any CPU
		{DD009D58-DC01-4986-B656-4A1DC5395679}.Debug|Any CPU.Build.0 = Debug|Any CPU
		{DD009D58-DC01-4986-B656-4A1DC5395679}.Release|Any CPU.ActiveCfg = Release|Any CPU
		{DD009D58-DC01-4986-B656-4A1DC5395679}.Release|Any CPU.Build.0 = Release|Any CPU
		{0ADBF964-A65D-450D-859B-3D7B13FA5824}.Debug|Any CPU.ActiveCfg = Debug|Any CPU
		{0ADBF964-A65D-450D-859B-3D7B13FA5824}.Debug|Any CPU.Build.0 = Debug|Any CPU
		{0ADBF964-A65D-450D-859B-3D7B13FA5824}.Release|Any CPU.ActiveCfg = Release|Any CPU
		{0ADBF964-A65D-450D-859B-3D7B13FA5824}.Release|Any CPU.Build.0 = Release|Any CPU
		{C9F4B7C0-458E-437C-92F2-F5A9E91F06E3}.Debug|Any CPU.ActiveCfg = Debug|Any CPU
		{C9F4B7C0-458E-437C-92F2-F5A9E91F06E3}.Debug|Any CPU.Build.0 = Debug|Any CPU
		{C9F4B7C0-458E-437C-92F2-F5A9E91F06E3}.Release|Any CPU.ActiveCfg = Release|Any CPU
		{C9F4B7C0-458E-437C-92F2-F5A9E91F06E3}.Release|Any CPU.Build.0 = Release|Any CPU
	EndGlobalSection
	GlobalSection(SolutionProperties) = preSolution
		HideSolutionNode = FALSE
	EndGlobalSection
	GlobalSection(ExtensibilityGlobals) = postSolution
		SolutionGuid = {E1E65467-F3EB-4902-B31C-9A6C4B930C56}
	EndGlobalSection
EndGlobal
